// !$*UTF8*$!
{
	archiveVersion = 1;
	classes = {
	};
	objectVersion = 77;
	objects = {

/* Begin PBXBuildFile section */
		C7087ED02CEE281E00531478 /* Swinject in Frameworks */ = {isa = PBXBuildFile; productRef = C7087ECF2CEE281E00531478 /* Swinject */; };
		C73423892CEED6ED0030807F /* Swinject in Frameworks */ = {isa = PBXBuildFile; productRef = C73423882CEED6ED0030807F /* Swinject */; };
/* End PBXBuildFile section */

/* Begin PBXContainerItemProxy section */
		C7087E5F2CEE250300531478 /* PBXContainerItemProxy */ = {
			isa = PBXContainerItemProxy;
			containerPortal = C7087E462CEE250100531478 /* Project object */;
			proxyType = 1;
			remoteGlobalIDString = C7087E4D2CEE250100531478;
			remoteInfo = Recipes;
		};
		C7087E692CEE250300531478 /* PBXContainerItemProxy */ = {
			isa = PBXContainerItemProxy;
			containerPortal = C7087E462CEE250100531478 /* Project object */;
			proxyType = 1;
			remoteGlobalIDString = C7087E4D2CEE250100531478;
			remoteInfo = Recipes;
		};
/* End PBXContainerItemProxy section */

/* Begin PBXFileReference section */
		C7087E4E2CEE250100531478 /* Recipes.app */ = {isa = PBXFileReference; explicitFileType = wrapper.application; includeInIndex = 0; path = Recipes.app; sourceTree = BUILT_PRODUCTS_DIR; };
		C7087E5E2CEE250300531478 /* RecipesTests.xctest */ = {isa = PBXFileReference; explicitFileType = wrapper.cfbundle; includeInIndex = 0; path = RecipesTests.xctest; sourceTree = BUILT_PRODUCTS_DIR; };
		C7087E682CEE250300531478 /* RecipesUITests.xctest */ = {isa = PBXFileReference; explicitFileType = wrapper.cfbundle; includeInIndex = 0; path = RecipesUITests.xctest; sourceTree = BUILT_PRODUCTS_DIR; };
/* End PBXFileReference section */

/* Begin PBXFileSystemSynchronizedBuildFileExceptionSet section */
		C7087F662CEE28EC00531478 /* Exceptions for "Recipes" folder in "RecipesTests" target */ = {
			isa = PBXFileSystemSynchronizedBuildFileExceptionSet;
			membershipExceptions = (
				Core/DependencyInjection/DIContainer.swift,
				Core/Extensions/ValidRecipeExtension.swift,
				Core/Networking/NetworkMonitor.swift,
				Core/Services/ErrorManager.swift,
				Core/Utilities/Helpers.swift,
				Features/Recipes/Models/Recipe.swift,
				Features/Recipes/Models/Recipes.swift,
				Features/Recipes/Repository/RecipeRepository.swift,
				Features/Recipes/Services/Mocks/RecipeListMockData.swift,
				Features/Recipes/Services/Mocks/RecipeServiceMock.swift,
				Features/Recipes/Services/RecipesService.swift,
				Features/Recipes/UseCases/RecipesUseCase.swift,
				Features/Recipes/ViewModels/RecipeListViewModel.swift,
				Features/Recipes/Views/RecipeCellView.swift,
				Features/Recipes/Views/RecipeListView.swift,
				Features/Recipes/Views/YoutubeVideoSheetView.swift,
			);
			target = C7087E5D2CEE250300531478 /* RecipesTests */;
		};
		C7087F672CEE28EC00531478 /* Exceptions for "Recipes" folder in "RecipesUITests" target */ = {
			isa = PBXFileSystemSynchronizedBuildFileExceptionSet;
			membershipExceptions = (
				Core/DependencyInjection/DIContainer.swift,
				Core/Extensions/ValidRecipeExtension.swift,
				Core/Networking/NetworkMonitor.swift,
				Core/Services/ErrorManager.swift,
				Core/Utilities/Helpers.swift,
				Features/Recipes/Models/Recipe.swift,
				Features/Recipes/Models/Recipes.swift,
				Features/Recipes/Repository/RecipeRepository.swift,
				Features/Recipes/Services/Mocks/RecipeListMockData.swift,
				Features/Recipes/Services/Mocks/RecipeServiceMock.swift,
				Features/Recipes/Services/RecipesService.swift,
				Features/Recipes/UseCases/RecipesUseCase.swift,
				Features/Recipes/ViewModels/RecipeListViewModel.swift,
				Features/Recipes/Views/RecipeCellView.swift,
				Features/Recipes/Views/RecipeListView.swift,
				Features/Recipes/Views/YoutubeVideoSheetView.swift,
			);
			target = C7087E672CEE250300531478 /* RecipesUITests */;
		};
		C7087F782CEE28F400531478 /* Exceptions for "Tests" folder in "Recipes" target */ = {
			isa = PBXFileSystemSynchronizedBuildFileExceptionSet;
			membershipExceptions = (
				RecipesTests/RecipesUseCaseTests.swift,
				RecipesTests/RecipesViewModelTests.swift,
				RecipesUITests/RecipeCellViewTests.swift,
				RecipesUITests/RecipeListViewUITests.swift,
			);
			target = C7087E4D2CEE250100531478 /* Recipes */;
		};
		C7087F792CEE28F400531478 /* Exceptions for "Tests" folder in "RecipesTests" target */ = {
			isa = PBXFileSystemSynchronizedBuildFileExceptionSet;
			membershipExceptions = (
				RecipesTests/RecipesUseCaseTests.swift,
				RecipesTests/RecipesViewModelTests.swift,
			);
			target = C7087E5D2CEE250300531478 /* RecipesTests */;
		};
		C7087F7A2CEE28F400531478 /* Exceptions for "Tests" folder in "RecipesUITests" target */ = {
			isa = PBXFileSystemSynchronizedBuildFileExceptionSet;
			membershipExceptions = (
				RecipesUITests/RecipeCellViewTests.swift,
				RecipesUITests/RecipeListViewUITests.swift,
			);
			target = C7087E672CEE250300531478 /* RecipesUITests */;
		};
/* End PBXFileSystemSynchronizedBuildFileExceptionSet section */

/* Begin PBXFileSystemSynchronizedRootGroup section */
		C7087ED12CEE28AA00531478 /* Tests */ = {
			isa = PBXFileSystemSynchronizedRootGroup;
			exceptions = (
				C7087F782CEE28F400531478 /* Exceptions for "Tests" folder in "Recipes" target */,
				C7087F792CEE28F400531478 /* Exceptions for "Tests" folder in "RecipesTests" target */,
				C7087F7A2CEE28F400531478 /* Exceptions for "Tests" folder in "RecipesUITests" target */,
			);
			path = Tests;
			sourceTree = "<group>";
		};
		C7087F3D2CEE28EC00531478 /* Recipes */ = {
			isa = PBXFileSystemSynchronizedRootGroup;
			exceptions = (
				C7087F662CEE28EC00531478 /* Exceptions for "Recipes" folder in "RecipesTests" target */,
				C7087F672CEE28EC00531478 /* Exceptions for "Recipes" folder in "RecipesUITests" target */,
			);
			path = Recipes;
			sourceTree = "<group>";
		};
/* End PBXFileSystemSynchronizedRootGroup section */

/* Begin PBXFrameworksBuildPhase section */
		C7087E4B2CEE250100531478 /* Frameworks */ = {
			isa = PBXFrameworksBuildPhase;
			buildActionMask = 2147483647;
			files = (
				C7087ED02CEE281E00531478 /* Swinject in Frameworks */,
			);
			runOnlyForDeploymentPostprocessing = 0;
		};
		C7087E5B2CEE250300531478 /* Frameworks */ = {
			isa = PBXFrameworksBuildPhase;
			buildActionMask = 2147483647;
			files = (
			);
			runOnlyForDeploymentPostprocessing = 0;
		};
		C7087E652CEE250300531478 /* Frameworks */ = {
			isa = PBXFrameworksBuildPhase;
			buildActionMask = 2147483647;
			files = (
				C73423892CEED6ED0030807F /* Swinject in Frameworks */,
			);
			runOnlyForDeploymentPostprocessing = 0;
		};
/* End PBXFrameworksBuildPhase section */

/* Begin PBXGroup section */
		C7087E452CEE250100531478 = {
			isa = PBXGroup;
			children = (
				C7087F3D2CEE28EC00531478 /* Recipes */,
				C7087ED12CEE28AA00531478 /* Tests */,
				C73423872CEED6ED0030807F /* Frameworks */,
				C7087E4F2CEE250100531478 /* Products */,
			);
			sourceTree = "<group>";
		};
		C7087E4F2CEE250100531478 /* Products */ = {
			isa = PBXGroup;
			children = (
				C7087E4E2CEE250100531478 /* Recipes.app */,
				C7087E5E2CEE250300531478 /* RecipesTests.xctest */,
				C7087E682CEE250300531478 /* RecipesUITests.xctest */,
			);
			name = Products;
			sourceTree = "<group>";
		};
		C73423872CEED6ED0030807F /* Frameworks */ = {
			isa = PBXGroup;
			children = (
			);
			name = Frameworks;
			sourceTree = "<group>";
		};
/* End PBXGroup section */

/* Begin PBXNativeTarget section */
		C7087E4D2CEE250100531478 /* Recipes */ = {
			isa = PBXNativeTarget;
			buildConfigurationList = C7087E722CEE250300531478 /* Build configuration list for PBXNativeTarget "Recipes" */;
			buildPhases = (
				C7087E4A2CEE250100531478 /* Sources */,
				C7087E4B2CEE250100531478 /* Frameworks */,
				C7087E4C2CEE250100531478 /* Resources */,
			);
			buildRules = (
			);
			dependencies = (
			);
			fileSystemSynchronizedGroups = (
				C7087ED12CEE28AA00531478 /* Tests */,
				C7087F3D2CEE28EC00531478 /* Recipes */,
			);
			name = Recipes;
			packageProductDependencies = (
				C7087ECF2CEE281E00531478 /* Swinject */,
			);
			productName = Recipes;
			productReference = C7087E4E2CEE250100531478 /* Recipes.app */;
			productType = "com.apple.product-type.application";
		};
		C7087E5D2CEE250300531478 /* RecipesTests */ = {
			isa = PBXNativeTarget;
			buildConfigurationList = C7087E752CEE250300531478 /* Build configuration list for PBXNativeTarget "RecipesTests" */;
			buildPhases = (
				C7087E5A2CEE250300531478 /* Sources */,
				C7087E5B2CEE250300531478 /* Frameworks */,
				C7087E5C2CEE250300531478 /* Resources */,
			);
			buildRules = (
			);
			dependencies = (
				C7087E602CEE250300531478 /* PBXTargetDependency */,
			);
			name = RecipesTests;
			packageProductDependencies = (
			);
			productName = RecipesTests;
			productReference = C7087E5E2CEE250300531478 /* RecipesTests.xctest */;
			productType = "com.apple.product-type.bundle.unit-test";
		};
		C7087E672CEE250300531478 /* RecipesUITests */ = {
			isa = PBXNativeTarget;
			buildConfigurationList = C7087E782CEE250300531478 /* Build configuration list for PBXNativeTarget "RecipesUITests" */;
			buildPhases = (
				C7087E642CEE250300531478 /* Sources */,
				C7087E652CEE250300531478 /* Frameworks */,
				C7087E662CEE250300531478 /* Resources */,
			);
			buildRules = (
			);
			dependencies = (
				C7087E6A2CEE250300531478 /* PBXTargetDependency */,
			);
			name = RecipesUITests;
			packageProductDependencies = (
				C73423882CEED6ED0030807F /* Swinject */,
			);
			productName = RecipesUITests;
			productReference = C7087E682CEE250300531478 /* RecipesUITests.xctest */;
			productType = "com.apple.product-type.bundle.ui-testing";
		};
/* End PBXNativeTarget section */

/* Begin PBXProject section */
		C7087E462CEE250100531478 /* Project object */ = {
			isa = PBXProject;
			attributes = {
				BuildIndependentTargetsInParallel = 1;
				LastSwiftUpdateCheck = 1610;
				LastUpgradeCheck = 1610;
				TargetAttributes = {
					C7087E4D2CEE250100531478 = {
						CreatedOnToolsVersion = 16.1;
					};
					C7087E5D2CEE250300531478 = {
						CreatedOnToolsVersion = 16.1;
						TestTargetID = C7087E4D2CEE250100531478;
					};
					C7087E672CEE250300531478 = {
						CreatedOnToolsVersion = 16.1;
						TestTargetID = C7087E4D2CEE250100531478;
					};
				};
			};
			buildConfigurationList = C7087E492CEE250100531478 /* Build configuration list for PBXProject "Recipes" */;
			developmentRegion = en;
			hasScannedForEncodings = 0;
			knownRegions = (
				en,
				Base,
			);
			mainGroup = C7087E452CEE250100531478;
			minimizedProjectReferenceProxies = 1;
			packageReferences = (
				C7087ECE2CEE281E00531478 /* XCRemoteSwiftPackageReference "Swinject" */,
			);
			preferredProjectObjectVersion = 77;
			productRefGroup = C7087E4F2CEE250100531478 /* Products */;
			projectDirPath = "";
			projectRoot = "";
			targets = (
				C7087E4D2CEE250100531478 /* Recipes */,
				C7087E5D2CEE250300531478 /* RecipesTests */,
				C7087E672CEE250300531478 /* RecipesUITests */,
			);
		};
/* End PBXProject section */

/* Begin PBXResourcesBuildPhase section */
		C7087E4C2CEE250100531478 /* Resources */ = {
			isa = PBXResourcesBuildPhase;
			buildActionMask = 2147483647;
			files = (
			);
			runOnlyForDeploymentPostprocessing = 0;
		};
		C7087E5C2CEE250300531478 /* Resources */ = {
			isa = PBXResourcesBuildPhase;
			buildActionMask = 2147483647;
			files = (
			);
			runOnlyForDeploymentPostprocessing = 0;
		};
		C7087E662CEE250300531478 /* Resources */ = {
			isa = PBXResourcesBuildPhase;
			buildActionMask = 2147483647;
			files = (
			);
			runOnlyForDeploymentPostprocessing = 0;
		};
/* End PBXResourcesBuildPhase section */

/* Begin PBXSourcesBuildPhase section */
		C7087E4A2CEE250100531478 /* Sources */ = {
			isa = PBXSourcesBuildPhase;
			buildActionMask = 2147483647;
			files = (
			);
			runOnlyForDeploymentPostprocessing = 0;
		};
		C7087E5A2CEE250300531478 /* Sources */ = {
			isa = PBXSourcesBuildPhase;
			buildActionMask = 2147483647;
			files = (
			);
			runOnlyForDeploymentPostprocessing = 0;
		};
		C7087E642CEE250300531478 /* Sources */ = {
			isa = PBXSourcesBuildPhase;
			buildActionMask = 2147483647;
			files = (
			);
			runOnlyForDeploymentPostprocessing = 0;
		};
/* End PBXSourcesBuildPhase section */

/* Begin PBXTargetDependency section */
		C7087E602CEE250300531478 /* PBXTargetDependency */ = {
			isa = PBXTargetDependency;
			target = C7087E4D2CEE250100531478 /* Recipes */;
			targetProxy = C7087E5F2CEE250300531478 /* PBXContainerItemProxy */;
		};
		C7087E6A2CEE250300531478 /* PBXTargetDependency */ = {
			isa = PBXTargetDependency;
			target = C7087E4D2CEE250100531478 /* Recipes */;
			targetProxy = C7087E692CEE250300531478 /* PBXContainerItemProxy */;
		};
/* End PBXTargetDependency section */

/* Begin XCBuildConfiguration section */
		C7087E702CEE250300531478 /* Debug */ = {
			isa = XCBuildConfiguration;
			buildSettings = {
				ALWAYS_SEARCH_USER_PATHS = NO;
				ASSETCATALOG_COMPILER_GENERATE_SWIFT_ASSET_SYMBOL_EXTENSIONS = YES;
				CLANG_ANALYZER_NONNULL = YES;
				CLANG_ANALYZER_NUMBER_OBJECT_CONVERSION = YES_AGGRESSIVE;
				CLANG_CXX_LANGUAGE_STANDARD = "gnu++20";
				CLANG_ENABLE_MODULES = YES;
				CLANG_ENABLE_OBJC_ARC = YES;
				CLANG_ENABLE_OBJC_WEAK = YES;
				CLANG_WARN_BLOCK_CAPTURE_AUTORELEASING = YES;
				CLANG_WARN_BOOL_CONVERSION = YES;
				CLANG_WARN_COMMA = YES;
				CLANG_WARN_CONSTANT_CONVERSION = YES;
				CLANG_WARN_DEPRECATED_OBJC_IMPLEMENTATIONS = YES;
				CLANG_WARN_DIRECT_OBJC_ISA_USAGE = YES_ERROR;
				CLANG_WARN_DOCUMENTATION_COMMENTS = YES;
				CLANG_WARN_EMPTY_BODY = YES;
				CLANG_WARN_ENUM_CONVERSION = YES;
				CLANG_WARN_INFINITE_RECURSION = YES;
				CLANG_WARN_INT_CONVERSION = YES;
				CLANG_WARN_NON_LITERAL_NULL_CONVERSION = YES;
				CLANG_WARN_OBJC_IMPLICIT_RETAIN_SELF = YES;
				CLANG_WARN_OBJC_LITERAL_CONVERSION = YES;
				CLANG_WARN_OBJC_ROOT_CLASS = YES_ERROR;
				CLANG_WARN_QUOTED_INCLUDE_IN_FRAMEWORK_HEADER = YES;
				CLANG_WARN_RANGE_LOOP_ANALYSIS = YES;
				CLANG_WARN_STRICT_PROTOTYPES = YES;
				CLANG_WARN_SUSPICIOUS_MOVE = YES;
				CLANG_WARN_UNGUARDED_AVAILABILITY = YES_AGGRESSIVE;
				CLANG_WARN_UNREACHABLE_CODE = YES;
				CLANG_WARN__DUPLICATE_METHOD_MATCH = YES;
				COPY_PHASE_STRIP = NO;
				DEBUG_INFORMATION_FORMAT = dwarf;
				ENABLE_STRICT_OBJC_MSGSEND = YES;
				ENABLE_TESTABILITY = YES;
				ENABLE_USER_SCRIPT_SANDBOXING = YES;
				GCC_C_LANGUAGE_STANDARD = gnu17;
				GCC_DYNAMIC_NO_PIC = NO;
				GCC_NO_COMMON_BLOCKS = YES;
				GCC_OPTIMIZATION_LEVEL = 0;
				GCC_PREPROCESSOR_DEFINITIONS = (
					"DEBUG=1",
					"$(inherited)",
				);
				GCC_WARN_64_TO_32_BIT_CONVERSION = YES;
				GCC_WARN_ABOUT_RETURN_TYPE = YES_ERROR;
				GCC_WARN_UNDECLARED_SELECTOR = YES;
				GCC_WARN_UNINITIALIZED_AUTOS = YES_AGGRESSIVE;
				GCC_WARN_UNUSED_FUNCTION = YES;
				GCC_WARN_UNUSED_VARIABLE = YES;
				IPHONEOS_DEPLOYMENT_TARGET = 18.1;
				LOCALIZATION_PREFERS_STRING_CATALOGS = YES;
				MTL_ENABLE_DEBUG_INFO = INCLUDE_SOURCE;
				MTL_FAST_MATH = YES;
				ONLY_ACTIVE_ARCH = YES;
				SDKROOT = iphoneos;
				SWIFT_ACTIVE_COMPILATION_CONDITIONS = "DEBUG $(inherited)";
				SWIFT_OPTIMIZATION_LEVEL = "-Onone";
			};
			name = Debug;
		};
		C7087E712CEE250300531478 /* Release */ = {
			isa = XCBuildConfiguration;
			buildSettings = {
				ALWAYS_SEARCH_USER_PATHS = NO;
				ASSETCATALOG_COMPILER_GENERATE_SWIFT_ASSET_SYMBOL_EXTENSIONS = YES;
				CLANG_ANALYZER_NONNULL = YES;
				CLANG_ANALYZER_NUMBER_OBJECT_CONVERSION = YES_AGGRESSIVE;
				CLANG_CXX_LANGUAGE_STANDARD = "gnu++20";
				CLANG_ENABLE_MODULES = YES;
				CLANG_ENABLE_OBJC_ARC = YES;
				CLANG_ENABLE_OBJC_WEAK = YES;
				CLANG_WARN_BLOCK_CAPTURE_AUTORELEASING = YES;
				CLANG_WARN_BOOL_CONVERSION = YES;
				CLANG_WARN_COMMA = YES;
				CLANG_WARN_CONSTANT_CONVERSION = YES;
				CLANG_WARN_DEPRECATED_OBJC_IMPLEMENTATIONS = YES;
				CLANG_WARN_DIRECT_OBJC_ISA_USAGE = YES_ERROR;
				CLANG_WARN_DOCUMENTATION_COMMENTS = YES;
				CLANG_WARN_EMPTY_BODY = YES;
				CLANG_WARN_ENUM_CONVERSION = YES;
				CLANG_WARN_INFINITE_RECURSION = YES;
				CLANG_WARN_INT_CONVERSION = YES;
				CLANG_WARN_NON_LITERAL_NULL_CONVERSION = YES;
				CLANG_WARN_OBJC_IMPLICIT_RETAIN_SELF = YES;
				CLANG_WARN_OBJC_LITERAL_CONVERSION = YES;
				CLANG_WARN_OBJC_ROOT_CLASS = YES_ERROR;
				CLANG_WARN_QUOTED_INCLUDE_IN_FRAMEWORK_HEADER = YES;
				CLANG_WARN_RANGE_LOOP_ANALYSIS = YES;
				CLANG_WARN_STRICT_PROTOTYPES = YES;
				CLANG_WARN_SUSPICIOUS_MOVE = YES;
				CLANG_WARN_UNGUARDED_AVAILABILITY = YES_AGGRESSIVE;
				CLANG_WARN_UNREACHABLE_CODE = YES;
				CLANG_WARN__DUPLICATE_METHOD_MATCH = YES;
				COPY_PHASE_STRIP = NO;
				DEBUG_INFORMATION_FORMAT = "dwarf-with-dsym";
				ENABLE_NS_ASSERTIONS = NO;
				ENABLE_STRICT_OBJC_MSGSEND = YES;
				ENABLE_USER_SCRIPT_SANDBOXING = YES;
				GCC_C_LANGUAGE_STANDARD = gnu17;
				GCC_NO_COMMON_BLOCKS = YES;
				GCC_WARN_64_TO_32_BIT_CONVERSION = YES;
				GCC_WARN_ABOUT_RETURN_TYPE = YES_ERROR;
				GCC_WARN_UNDECLARED_SELECTOR = YES;
				GCC_WARN_UNINITIALIZED_AUTOS = YES_AGGRESSIVE;
				GCC_WARN_UNUSED_FUNCTION = YES;
				GCC_WARN_UNUSED_VARIABLE = YES;
				IPHONEOS_DEPLOYMENT_TARGET = 18.1;
				LOCALIZATION_PREFERS_STRING_CATALOGS = YES;
				MTL_ENABLE_DEBUG_INFO = NO;
				MTL_FAST_MATH = YES;
				SDKROOT = iphoneos;
				SWIFT_COMPILATION_MODE = wholemodule;
				VALIDATE_PRODUCT = YES;
			};
			name = Release;
		};
		C7087E732CEE250300531478 /* Debug */ = {
			isa = XCBuildConfiguration;
			buildSettings = {
				ASSETCATALOG_COMPILER_APPICON_NAME = AppIcon;
				ASSETCATALOG_COMPILER_GLOBAL_ACCENT_COLOR_NAME = AccentColor;
				CODE_SIGN_STYLE = Automatic;
				CURRENT_PROJECT_VERSION = 1;
				DEVELOPMENT_ASSET_PATHS = "\"Recipes/Preview Content\"";
				DEVELOPMENT_TEAM = 3NL684Z62B;
				ENABLE_PREVIEWS = YES;
				GENERATE_INFOPLIST_FILE = YES;
				INFOPLIST_KEY_UIApplicationSceneManifest_Generation = YES;
				INFOPLIST_KEY_UIApplicationSupportsIndirectInputEvents = YES;
				INFOPLIST_KEY_UILaunchScreen_Generation = YES;
				INFOPLIST_KEY_UISupportedInterfaceOrientations_iPad = "UIInterfaceOrientationPortrait UIInterfaceOrientationPortraitUpsideDown UIInterfaceOrientationLandscapeLeft UIInterfaceOrientationLandscapeRight";
				INFOPLIST_KEY_UISupportedInterfaceOrientations_iPhone = "UIInterfaceOrientationPortrait UIInterfaceOrientationLandscapeLeft UIInterfaceOrientationLandscapeRight";
				LD_RUNPATH_SEARCH_PATHS = (
					"$(inherited)",
					"@executable_path/Frameworks",
				);
				MARKETING_VERSION = 1.0;
				PRODUCT_BUNDLE_IDENTIFIER = com.dartm.Recipes;
				PRODUCT_NAME = "$(TARGET_NAME)";
				SWIFT_EMIT_LOC_STRINGS = YES;
				SWIFT_VERSION = 5.0;
				TARGETED_DEVICE_FAMILY = "1,2";
			};
			name = Debug;
		};
		C7087E742CEE250300531478 /* Release */ = {
			isa = XCBuildConfiguration;
			buildSettings = {
				ASSETCATALOG_COMPILER_APPICON_NAME = AppIcon;
				ASSETCATALOG_COMPILER_GLOBAL_ACCENT_COLOR_NAME = AccentColor;
				CODE_SIGN_STYLE = Automatic;
				CURRENT_PROJECT_VERSION = 1;
				DEVELOPMENT_ASSET_PATHS = "\"Recipes/Preview Content\"";
				DEVELOPMENT_TEAM = 3NL684Z62B;
				ENABLE_PREVIEWS = YES;
				GENERATE_INFOPLIST_FILE = YES;
				INFOPLIST_KEY_UIApplicationSceneManifest_Generation = YES;
				INFOPLIST_KEY_UIApplicationSupportsIndirectInputEvents = YES;
				INFOPLIST_KEY_UILaunchScreen_Generation = YES;
				INFOPLIST_KEY_UISupportedInterfaceOrientations_iPad = "UIInterfaceOrientationPortrait UIInterfaceOrientationPortraitUpsideDown UIInterfaceOrientationLandscapeLeft UIInterfaceOrientationLandscapeRight";
				INFOPLIST_KEY_UISupportedInterfaceOrientations_iPhone = "UIInterfaceOrientationPortrait UIInterfaceOrientationLandscapeLeft UIInterfaceOrientationLandscapeRight";
				LD_RUNPATH_SEARCH_PATHS = (
					"$(inherited)",
					"@executable_path/Frameworks",
				);
				MARKETING_VERSION = 1.0;
				PRODUCT_BUNDLE_IDENTIFIER = com.dartm.Recipes;
				PRODUCT_NAME = "$(TARGET_NAME)";
				SWIFT_EMIT_LOC_STRINGS = YES;
				SWIFT_VERSION = 5.0;
				TARGETED_DEVICE_FAMILY = "1,2";
			};
			name = Release;
		};
		C7087E762CEE250300531478 /* Debug */ = {
			isa = XCBuildConfiguration;
			buildSettings = {
				BUNDLE_LOADER = "$(TEST_HOST)";
				CODE_SIGN_STYLE = Automatic;
				CURRENT_PROJECT_VERSION = 1;
				DEVELOPMENT_TEAM = 3NL684Z62B;
				GENERATE_INFOPLIST_FILE = YES;
				IPHONEOS_DEPLOYMENT_TARGET = 18.1;
				MARKETING_VERSION = 1.0;
				PRODUCT_BUNDLE_IDENTIFIER = com.dartm.RecipesTests;
				PRODUCT_NAME = "$(TARGET_NAME)";
				SWIFT_EMIT_LOC_STRINGS = NO;
				SWIFT_VERSION = 5.0;
				TARGETED_DEVICE_FAMILY = "1,2";
				TEST_HOST = "$(BUILT_PRODUCTS_DIR)/Recipes.app/$(BUNDLE_EXECUTABLE_FOLDER_PATH)/Recipes";
			};
			name = Debug;
		};
		C7087E772CEE250300531478 /* Release */ = {
			isa = XCBuildConfiguration;
			buildSettings = {
				BUNDLE_LOADER = "$(TEST_HOST)";
				CODE_SIGN_STYLE = Automatic;
				CURRENT_PROJECT_VERSION = 1;
				DEVELOPMENT_TEAM = 3NL684Z62B;
				GENERATE_INFOPLIST_FILE = YES;
				IPHONEOS_DEPLOYMENT_TARGET = 18.1;
				MARKETING_VERSION = 1.0;
				PRODUCT_BUNDLE_IDENTIFIER = com.dartm.RecipesTests;
				PRODUCT_NAME = "$(TARGET_NAME)";
				SWIFT_EMIT_LOC_STRINGS = NO;
				SWIFT_VERSION = 5.0;
				TARGETED_DEVICE_FAMILY = "1,2";
				TEST_HOST = "$(BUILT_PRODUCTS_DIR)/Recipes.app/$(BUNDLE_EXECUTABLE_FOLDER_PATH)/Recipes";
			};
			name = Release;
		};
		C7087E792CEE250300531478 /* Debug */ = {
			isa = XCBuildConfiguration;
			buildSettings = {
				CODE_SIGN_STYLE = Automatic;
				CURRENT_PROJECT_VERSION = 1;
				DEVELOPMENT_TEAM = 3NL684Z62B;
				GENERATE_INFOPLIST_FILE = YES;
				MARKETING_VERSION = 1.0;
				PRODUCT_BUNDLE_IDENTIFIER = com.dartm.RecipesUITests;
				PRODUCT_NAME = "$(TARGET_NAME)";
				SWIFT_EMIT_LOC_STRINGS = NO;
				SWIFT_VERSION = 5.0;
				TARGETED_DEVICE_FAMILY = "1,2";
				TEST_TARGET_NAME = Recipes;
			};
			name = Debug;
		};
		C7087E7A2CEE250300531478 /* Release */ = {
			isa = XCBuildConfiguration;
			buildSettings = {
				CODE_SIGN_STYLE = Automatic;
				CURRENT_PROJECT_VERSION = 1;
				DEVELOPMENT_TEAM = 3NL684Z62B;
				GENERATE_INFOPLIST_FILE = YES;
				MARKETING_VERSION = 1.0;
				PRODUCT_BUNDLE_IDENTIFIER = com.dartm.RecipesUITests;
				PRODUCT_NAME = "$(TARGET_NAME)";
				SWIFT_EMIT_LOC_STRINGS = NO;
				SWIFT_VERSION = 5.0;
				TARGETED_DEVICE_FAMILY = "1,2";
				TEST_TARGET_NAME = Recipes;
			};
			name = Release;
		};
/* End XCBuildConfiguration section */

/* Begin XCConfigurationList section */
		C7087E492CEE250100531478 /* Build configuration list for PBXProject "Recipes" */ = {
			isa = XCConfigurationList;
			buildConfigurations = (
				C7087E702CEE250300531478 /* Debug */,
				C7087E712CEE250300531478 /* Release */,
			);
			defaultConfigurationIsVisible = 0;
			defaultConfigurationName = Release;
		};
		C7087E722CEE250300531478 /* Build configuration list for PBXNativeTarget "Recipes" */ = {
			isa = XCConfigurationList;
			buildConfigurations = (
				C7087E732CEE250300531478 /* Debug */,
				C7087E742CEE250300531478 /* Release */,
			);
			defaultConfigurationIsVisible = 0;
			defaultConfigurationName = Release;
		};
		C7087E752CEE250300531478 /* Build configuration list for PBXNativeTarget "RecipesTests" */ = {
			isa = XCConfigurationList;
			buildConfigurations = (
				C7087E762CEE250300531478 /* Debug */,
				C7087E772CEE250300531478 /* Release */,
			);
			defaultConfigurationIsVisible = 0;
			defaultConfigurationName = Release;
		};
		C7087E782CEE250300531478 /* Build configuration list for PBXNativeTarget "RecipesUITests" */ = {
			isa = XCConfigurationList;
			buildConfigurations = (
				C7087E792CEE250300531478 /* Debug */,
				C7087E7A2CEE250300531478 /* Release */,
			);
			defaultConfigurationIsVisible = 0;
			defaultConfigurationName = Release;
		};
/* End XCConfigurationList section */

/* Begin XCRemoteSwiftPackageReference section */
		C7087ECE2CEE281E00531478 /* XCRemoteSwiftPackageReference "Swinject" */ = {
			isa = XCRemoteSwiftPackageReference;
			repositoryURL = "https://github.com/Swinject/Swinject.git";
			requirement = {
				kind = upToNextMajorVersion;
				minimumVersion = 2.9.1;
			};
		};
/* End XCRemoteSwiftPackageReference section */

/* Begin XCSwiftPackageProductDependency section */
		C7087ECF2CEE281E00531478 /* Swinject */ = {
			isa = XCSwiftPackageProductDependency;
			package = C7087ECE2CEE281E00531478 /* XCRemoteSwiftPackageReference "Swinject" */;
			productName = Swinject;
		};
		C73423882CEED6ED0030807F /* Swinject */ = {
			isa = XCSwiftPackageProductDependency;
			package = C7087ECE2CEE281E00531478 /* XCRemoteSwiftPackageReference "Swinject" */;
			productName = Swinject;
		};
/* End XCSwiftPackageProductDependency section */
	};
	rootObject = C7087E462CEE250100531478 /* Project object */;
}
